
Microsoft Visual Studio Solution File, Format Version 12.00
# Visual Studio Version 17
VisualStudioVersion = 17.0.31903.59
MinimumVisualStudioVersion = 10.0.40219.1
Project("{9A19103F-16F7-4668-BE54-9A1E7A4F7556}") = "SIGOATS.api.Core", "SIGOATS.api.Core\SIGOATS.api.Core.csproj", "{3BF69FBB-2326-4A74-B1E4-9F21A0F94F71}"
EndProject
Project("{9A19103F-16F7-4668-BE54-9A1E7A4F7556}") = "SIGOATS.api.Infra", "SIGOATS.api.Infra\SIGOATS.api.Infra.csproj", "{0AC04D19-C45E-41EA-BAEC-BABFCDEA9960}"
EndProject
Project("{9A19103F-16F7-4668-BE54-9A1E7A4F7556}") = "SIGOATS.api.Administracion", "SIGOATS.api.Administracion\SIGOATS.api.Administracion.csproj", "{9C76CBF7-C696-41B2-AA2A-2C271AA6F689}"
EndProject
Project("{9A19103F-16F7-4668-BE54-9A1E7A4F7556}") = "SIGOATS.api.Api.Tests", "SIGOATS.api.Api.Tests\SIGOATS.api.Api.Tests.csproj", "{3D3911D1-90DD-4A6E-AA4F-0AB791070EC3}"
EndProject
Project("{9A19103F-16F7-4668-BE54-9A1E7A4F7556}") = "SIGOATS.api.Portal", "SIGOATS.api.Portal\SIGOATS.api.Portal.csproj", "{D42450D4-6973-4E7A-AF9C-339E6198EEE6}"
EndProject
Project("{9A19103F-16F7-4668-BE54-9A1E7A4F7556}") = "SIGOATS.api.Seguridad", "SIGOATS.api.Seguridad\SIGOATS.api.Seguridad.csproj", "{95737D6B-E00B-4DDE-A853-EB5A83D94B17}"
EndProject
Project("{2150E333-8FDC-42A3-9474-1A3956D46DE8}") = "1.-Microservicios", "1.-Microservicios", "{BA9A4693-63B4-467F-A49C-1EA1F1DE7EEC}"
EndProject
Project("{2150E333-8FDC-42A3-9474-1A3956D46DE8}") = "2.-Core", "2.-Core", "{D90505B0-1266-4B20-8A68-05215FACA9FE}"
EndProject
Project("{2150E333-8FDC-42A3-9474-1A3956D46DE8}") = "3.-Infra", "3.-Infra", "{8C3C4404-7754-4A90-ABCB-1656EB6D7D84}"
EndProject
Project("{2150E333-8FDC-42A3-9474-1A3956D46DE8}") = "4.-Test", "4.-Test", "{157009FB-A9F4-4CD9-9BA5-062506CAC90E}"
EndProject
Global
	GlobalSection(SolutionConfigurationPlatforms) = preSolution
		Debug|Any CPU = Debug|Any CPU
		Release|Any CPU = Release|Any CPU
	EndGlobalSection
	GlobalSection(ProjectConfigurationPlatforms) = postSolution
		{3BF69FBB-2326-4A74-B1E4-9F21A0F94F71}.Debug|Any CPU.ActiveCfg = Debug|Any CPU
		{3BF69FBB-2326-4A74-B1E4-9F21A0F94F71}.Debug|Any CPU.Build.0 = Debug|Any CPU
		{3BF69FBB-2326-4A74-B1E4-9F21A0F94F71}.Release|Any CPU.ActiveCfg = Release|Any CPU
		{3BF69FBB-2326-4A74-B1E4-9F21A0F94F71}.Release|Any CPU.Build.0 = Release|Any CPU
		{0AC04D19-C45E-41EA-BAEC-BABFCDEA9960}.Debug|Any CPU.ActiveCfg = Debug|Any CPU
		{0AC04D19-C45E-41EA-BAEC-BABFCDEA9960}.Debug|Any CPU.Build.0 = Debug|Any CPU
		{0AC04D19-C45E-41EA-BAEC-BABFCDEA9960}.Release|Any CPU.ActiveCfg = Release|Any CPU
		{0AC04D19-C45E-41EA-BAEC-BABFCDEA9960}.Release|Any CPU.Build.0 = Release|Any CPU
		{9C76CBF7-C696-41B2-AA2A-2C271AA6F689}.Debug|Any CPU.ActiveCfg = Debug|Any CPU
		{9C76CBF7-C696-41B2-AA2A-2C271AA6F689}.Debug|Any CPU.Build.0 = Debug|Any CPU
		{9C76CBF7-C696-41B2-AA2A-2C271AA6F689}.Release|Any CPU.ActiveCfg = Release|Any CPU
		{9C76CBF7-C696-41B2-AA2A-2C271AA6F689}.Release|Any CPU.Build.0 = Release|Any CPU
		{3D3911D1-90DD-4A6E-AA4F-0AB791070EC3}.Debug|Any CPU.ActiveCfg = Debug|Any CPU
		{3D3911D1-90DD-4A6E-AA4F-0AB791070EC3}.Debug|Any CPU.Build.0 = Debug|Any CPU
		{3D3911D1-90DD-4A6E-AA4F-0AB791070EC3}.Release|Any CPU.ActiveCfg = Release|Any CPU
		{3D3911D1-90DD-4A6E-AA4F-0AB791070EC3}.Release|Any CPU.Build.0 = Release|Any CPU
		{D42450D4-6973-4E7A-AF9C-339E6198EEE6}.Debug|Any CPU.ActiveCfg = Debug|Any CPU
		{D42450D4-6973-4E7A-AF9C-339E6198EEE6}.Debug|Any CPU.Build.0 = Debug|Any CPU
		{D42450D4-6973-4E7A-AF9C-339E6198EEE6}.Release|Any CPU.ActiveCfg = Release|Any CPU
		{D42450D4-6973-4E7A-AF9C-339E6198EEE6}.Release|Any CPU.Build.0 = Release|Any CPU
		{95737D6B-E00B-4DDE-A853-EB5A83D94B17}.Debug|Any CPU.ActiveCfg = Debug|Any CPU
		{95737D6B-E00B-4DDE-A853-EB5A83D94B17}.Debug|Any CPU.Build.0 = Debug|Any CPU
		{95737D6B-E00B-4DDE-A853-EB5A83D94B17}.Release|Any CPU.ActiveCfg = Release|Any CPU
		{95737D6B-E00B-4DDE-A853-EB5A83D94B17}.Release|Any CPU.Build.0 = Release|Any CPU
	EndGlobalSection
	GlobalSection(SolutionProperties) = preSolution
		HideSolutionNode = FALSE
	EndGlobalSection
	GlobalSection(NestedProjects) = preSolution
		{3BF69FBB-2326-4A74-B1E4-9F21A0F94F71} = {D90505B0-1266-4B20-8A68-05215FACA9FE}
		{0AC04D19-C45E-41EA-BAEC-BABFCDEA9960} = {8C3C4404-7754-4A90-ABCB-1656EB6D7D84}
		{9C76CBF7-C696-41B2-AA2A-2C271AA6F689} = {BA9A4693-63B4-467F-A49C-1EA1F1DE7EEC}
		{3D3911D1-90DD-4A6E-AA4F-0AB791070EC3} = {157009FB-A9F4-4CD9-9BA5-062506CAC90E}
		{D42450D4-6973-4E7A-AF9C-339E6198EEE6} = {BA9A4693-63B4-467F-A49C-1EA1F1DE7EEC}
		{95737D6B-E00B-4DDE-A853-EB5A83D94B17} = {BA9A4693-63B4-467F-A49C-1EA1F1DE7EEC}
	EndGlobalSection
	GlobalSection(ExtensibilityGlobals) = postSolution
		SolutionGuid = {EA4C6049-238E-4265-B5B3-5856BB944087}
	EndGlobalSection
EndGlobal
